
Microsoft Visual Studio Solution File, Format Version 12.00
# Visual Studio Version 16
VisualStudioVersion = 16.0.31129.286
MinimumVisualStudioVersion = 10.0.40219.1
Project("{FAE04EC0-301F-11D3-BF4B-00C04F79EFBC}") = "productStore", "productStore.csproj", "{1E18F9CB-981B-479F-AEE0-A9E2B7D599C8}"
EndProject
Global
	GlobalSection(SolutionConfigurationPlatforms) = preSolution
		Debug|Any CPU = Debug|Any CPU
		Release|Any CPU = Release|Any CPU
	EndGlobalSection
	GlobalSection(ProjectConfigurationPlatforms) = postSolution
		{1E18F9CB-981B-479F-AEE0-A9E2B7D599C8}.Debug|Any CPU.ActiveCfg = Debug|Any CPU
		{1E18F9CB-981B-479F-AEE0-A9E2B7D599C8}.Debug|Any CPU.Build.0 = Debug|Any CPU
		{1E18F9CB-981B-479F-AEE0-A9E2B7D599C8}.Release|Any CPU.ActiveCfg = Release|Any CPU
		{1E18F9CB-981B-479F-AEE0-A9E2B7D599C8}.Release|Any CPU.Build.0 = Release|Any CPU
	EndGlobalSection
	GlobalSection(SolutionProperties) = preSolution
		HideSolutionNode = FALSE
	EndGlobalSection
	GlobalSection(ExtensibilityGlobals) = postSolution
		SolutionGuid = {FDA69AF0-F730-43EF-8523-222C5665D9DA}
	EndGlobalSection
EndGlobal
